// !$*UTF8*$!
{
	archiveVersion = 1;
	classes = {
	};
	objectVersion = 54;
	objects = {

/* Begin PBXBuildFile section */
		5B34792E2C42EDDA00F59560 /* AladinSearchMainViewController.swift in Sources */ = {isa = PBXBuildFile; fileRef = 5B34792D2C42EDDA00F59560 /* AladinSearchMainViewController.swift */; };
		5B3479302C42EE2C00F59560 /* AladinSearchReactor.swift in Sources */ = {isa = PBXBuildFile; fileRef = 5B34792F2C42EE2C00F59560 /* AladinSearchReactor.swift */; };
		5B3479322C42F42F00F59560 /* AladinData.swift in Sources */ = {isa = PBXBuildFile; fileRef = 5B3479312C42F42F00F59560 /* AladinData.swift */; };
		5B3479342C42F52700F59560 /* XMLParserManager.swift in Sources */ = {isa = PBXBuildFile; fileRef = 5B3479332C42F52700F59560 /* XMLParserManager.swift */; };
		5B625FCF26E3DA6200E9DB14 /* AppDelegate.swift in Sources */ = {isa = PBXBuildFile; fileRef = 5B625FCE26E3DA6200E9DB14 /* AppDelegate.swift */; };
		5B625FD826E3DA6300E9DB14 /* Assets.xcassets in Resources */ = {isa = PBXBuildFile; fileRef = 5B625FD726E3DA6300E9DB14 /* Assets.xcassets */; };
		5B625FDB26E3DA6300E9DB14 /* LaunchScreen.storyboard in Resources */ = {isa = PBXBuildFile; fileRef = 5B625FD926E3DA6300E9DB14 /* LaunchScreen.storyboard */; };
		5B83F82726EBA0B500AE3598 /* ImageManager.swift in Sources */ = {isa = PBXBuildFile; fileRef = 5B83F82626EBA0B500AE3598 /* ImageManager.swift */; };
		5BA2EFE72C4CFF2D00049D80 /* ApiInfo.plist in Resources */ = {isa = PBXBuildFile; fileRef = 5BA2EFE62C4CFF2D00049D80 /* ApiInfo.plist */; };
		5BA2EFEA2C4D00D400049D80 /* Extension+Bundle.swift in Sources */ = {isa = PBXBuildFile; fileRef = 5BA2EFE92C4D00D400049D80 /* Extension+Bundle.swift */; };
		5BA2EFEC2C4D176B00049D80 /* ProductData.swift in Sources */ = {isa = PBXBuildFile; fileRef = 5BA2EFEB2C4D176B00049D80 /* ProductData.swift */; };
		5BA2EFEE2C4D2D4500049D80 /* ProductViewController.swift in Sources */ = {isa = PBXBuildFile; fileRef = 5BA2EFED2C4D2D4500049D80 /* ProductViewController.swift */; };
		5BCCDB782C5557BA00FE6BB8 /* ProductReactor.swift in Sources */ = {isa = PBXBuildFile; fileRef = 5BCCDB772C5557BA00FE6BB8 /* ProductReactor.swift */; };
		5BDDB9D72C5EA5CC005BBF9F /* ProductView.swift in Sources */ = {isa = PBXBuildFile; fileRef = 5BDDB9D62C5EA5CC005BBF9F /* ProductView.swift */; };
		5BE95AA126E9DDC400AE6ACC /* ApiManager.swift in Sources */ = {isa = PBXBuildFile; fileRef = 5BE95AA026E9DDC400AE6ACC /* ApiManager.swift */; };
		5BF21C272C3ED56F00BFA345 /* ProductViewCell.swift in Sources */ = {isa = PBXBuildFile; fileRef = 5BF21C262C3ED56F00BFA345 /* ProductViewCell.swift */; };
		5BF21C2F2C3EEC6A00BFA345 /* MainCoordinator.swift in Sources */ = {isa = PBXBuildFile; fileRef = 5BF21C2E2C3EEC6A00BFA345 /* MainCoordinator.swift */; };
		767AFF7964143B49BE60C519 /* Pods_aladinSearchApp.framework in Frameworks */ = {isa = PBXBuildFile; fileRef = 9382A3CD0691B077CE6A9371 /* Pods_aladinSearchApp.framework */; };
/* End PBXBuildFile section */

/* Begin PBXFileReference section */
		5B34792D2C42EDDA00F59560 /* AladinSearchMainViewController.swift */ = {isa = PBXFileReference; lastKnownFileType = sourcecode.swift; path = AladinSearchMainViewController.swift; sourceTree = "<group>"; };
		5B34792F2C42EE2C00F59560 /* AladinSearchReactor.swift */ = {isa = PBXFileReference; lastKnownFileType = sourcecode.swift; path = AladinSearchReactor.swift; sourceTree = "<group>"; };
		5B3479312C42F42F00F59560 /* AladinData.swift */ = {isa = PBXFileReference; lastKnownFileType = sourcecode.swift; path = AladinData.swift; sourceTree = "<group>"; };
		5B3479332C42F52700F59560 /* XMLParserManager.swift */ = {isa = PBXFileReference; lastKnownFileType = sourcecode.swift; path = XMLParserManager.swift; sourceTree = "<group>"; };
		5B625FCB26E3DA6200E9DB14 /* aladinSearchApp.app */ = {isa = PBXFileReference; explicitFileType = wrapper.application; includeInIndex = 0; path = aladinSearchApp.app; sourceTree = BUILT_PRODUCTS_DIR; };
		5B625FCE26E3DA6200E9DB14 /* AppDelegate.swift */ = {isa = PBXFileReference; lastKnownFileType = sourcecode.swift; path = AppDelegate.swift; sourceTree = "<group>"; };
		5B625FD726E3DA6300E9DB14 /* Assets.xcassets */ = {isa = PBXFileReference; lastKnownFileType = folder.assetcatalog; path = Assets.xcassets; sourceTree = "<group>"; };
		5B625FDA26E3DA6300E9DB14 /* Base */ = {isa = PBXFileReference; lastKnownFileType = file.storyboard; name = Base; path = Base.lproj/LaunchScreen.storyboard; sourceTree = "<group>"; };
		5B625FDC26E3DA6300E9DB14 /* Info.plist */ = {isa = PBXFileReference; lastKnownFileType = text.plist.xml; path = Info.plist; sourceTree = "<group>"; };
		5B83F82626EBA0B500AE3598 /* ImageManager.swift */ = {isa = PBXFileReference; lastKnownFileType = sourcecode.swift; path = ImageManager.swift; sourceTree = "<group>"; };
		5BA2EFE62C4CFF2D00049D80 /* ApiInfo.plist */ = {isa = PBXFileReference; lastKnownFileType = text.plist.xml; path = ApiInfo.plist; sourceTree = "<group>"; };
		5BA2EFE92C4D00D400049D80 /* Extension+Bundle.swift */ = {isa = PBXFileReference; lastKnownFileType = sourcecode.swift; path = "Extension+Bundle.swift"; sourceTree = "<group>"; };
		5BA2EFEB2C4D176B00049D80 /* ProductData.swift */ = {isa = PBXFileReference; lastKnownFileType = sourcecode.swift; path = ProductData.swift; sourceTree = "<group>"; };
		5BA2EFED2C4D2D4500049D80 /* ProductViewController.swift */ = {isa = PBXFileReference; lastKnownFileType = sourcecode.swift; path = ProductViewController.swift; sourceTree = "<group>"; };
		5BCCDB772C5557BA00FE6BB8 /* ProductReactor.swift */ = {isa = PBXFileReference; lastKnownFileType = sourcecode.swift; path = ProductReactor.swift; sourceTree = "<group>"; };
		5BDDB9D62C5EA5CC005BBF9F /* ProductView.swift */ = {isa = PBXFileReference; lastKnownFileType = sourcecode.swift; path = ProductView.swift; sourceTree = "<group>"; };
		5BE95AA026E9DDC400AE6ACC /* ApiManager.swift */ = {isa = PBXFileReference; lastKnownFileType = sourcecode.swift; path = ApiManager.swift; sourceTree = "<group>"; };
		5BF21C262C3ED56F00BFA345 /* ProductViewCell.swift */ = {isa = PBXFileReference; lastKnownFileType = sourcecode.swift; path = ProductViewCell.swift; sourceTree = "<group>"; };
		5BF21C2E2C3EEC6A00BFA345 /* MainCoordinator.swift */ = {isa = PBXFileReference; lastKnownFileType = sourcecode.swift; path = MainCoordinator.swift; sourceTree = "<group>"; };
		858F4DABAD65DBFEDD68E4D4 /* Pods-aladinSearchApp.release.xcconfig */ = {isa = PBXFileReference; includeInIndex = 1; lastKnownFileType = text.xcconfig; name = "Pods-aladinSearchApp.release.xcconfig"; path = "Target Support Files/Pods-aladinSearchApp/Pods-aladinSearchApp.release.xcconfig"; sourceTree = "<group>"; };
		9382A3CD0691B077CE6A9371 /* Pods_aladinSearchApp.framework */ = {isa = PBXFileReference; explicitFileType = wrapper.framework; includeInIndex = 0; path = Pods_aladinSearchApp.framework; sourceTree = BUILT_PRODUCTS_DIR; };
		D1EE72D00D4EA242ABB516A1 /* Pods-aladinSearchApp.debug.xcconfig */ = {isa = PBXFileReference; includeInIndex = 1; lastKnownFileType = text.xcconfig; name = "Pods-aladinSearchApp.debug.xcconfig"; path = "Target Support Files/Pods-aladinSearchApp/Pods-aladinSearchApp.debug.xcconfig"; sourceTree = "<group>"; };
/* End PBXFileReference section */

/* Begin PBXFrameworksBuildPhase section */
		5B625FC826E3DA6200E9DB14 /* Frameworks */ = {
			isa = PBXFrameworksBuildPhase;
			buildActionMask = 2147483647;
			files = (
				767AFF7964143B49BE60C519 /* Pods_aladinSearchApp.framework in Frameworks */,
			);
			runOnlyForDeploymentPostprocessing = 0;
		};
/* End PBXFrameworksBuildPhase section */

/* Begin PBXGroup section */
		537CCB60A69CEF30BC6ABA37 /* Pods */ = {
			isa = PBXGroup;
			children = (
				D1EE72D00D4EA242ABB516A1 /* Pods-aladinSearchApp.debug.xcconfig */,
				858F4DABAD65DBFEDD68E4D4 /* Pods-aladinSearchApp.release.xcconfig */,
			);
			path = Pods;
			sourceTree = "<group>";
		};
		5B3178F726E504F800718494 /* View */ = {
			isa = PBXGroup;
			children = (
				5BDE71D22C707AC200F2AB4A /* SubView */,
				5B34792D2C42EDDA00F59560 /* AladinSearchMainViewController.swift */,
				5BA2EFED2C4D2D4500049D80 /* ProductViewController.swift */,
				5BEFEE8A26EB480F00076DE0 /* Cell */,
			);
			path = View;
			sourceTree = "<group>";
		};
		5B625FC226E3DA6200E9DB14 = {
			isa = PBXGroup;
			children = (
				5B625FCD26E3DA6200E9DB14 /* aladinSearchApp */,
				5B625FCC26E3DA6200E9DB14 /* Products */,
				537CCB60A69CEF30BC6ABA37 /* Pods */,
				F18040A7D8E3A935276BF8C4 /* Frameworks */,
			);
			sourceTree = "<group>";
		};
		5B625FCC26E3DA6200E9DB14 /* Products */ = {
			isa = PBXGroup;
			children = (
				5B625FCB26E3DA6200E9DB14 /* aladinSearchApp.app */,
			);
			name = Products;
			sourceTree = "<group>";
		};
		5B625FCD26E3DA6200E9DB14 /* aladinSearchApp */ = {
			isa = PBXGroup;
			children = (
				5BA2EFE82C4D00B000049D80 /* Extension */,
				5BEFEE8B26EB482000076DE0 /* Util */,
				5BEFEE7F26EB200800076DE0 /* Model */,
				5BEFEE7926EB1F8600076DE0 /* Reactor */,
				5B3178F726E504F800718494 /* View */,
				5B625FCE26E3DA6200E9DB14 /* AppDelegate.swift */,
				5B625FD726E3DA6300E9DB14 /* Assets.xcassets */,
				5B625FD926E3DA6300E9DB14 /* LaunchScreen.storyboard */,
				5B625FDC26E3DA6300E9DB14 /* Info.plist */,
				5BA2EFE62C4CFF2D00049D80 /* ApiInfo.plist */,
			);
			path = aladinSearchApp;
			sourceTree = "<group>";
		};
		5BA2EFE82C4D00B000049D80 /* Extension */ = {
			isa = PBXGroup;
			children = (
				5BA2EFE92C4D00D400049D80 /* Extension+Bundle.swift */,
			);
			path = Extension;
			sourceTree = "<group>";
		};
		5BDE71D22C707AC200F2AB4A /* SubView */ = {
			isa = PBXGroup;
			children = (
				5BDDB9D62C5EA5CC005BBF9F /* ProductView.swift */,
			);
			path = SubView;
			sourceTree = "<group>";
		};
		5BEFEE7926EB1F8600076DE0 /* Reactor */ = {
			isa = PBXGroup;
			children = (
				5B34792F2C42EE2C00F59560 /* AladinSearchReactor.swift */,
				5BCCDB772C5557BA00FE6BB8 /* ProductReactor.swift */,
			);
			path = Reactor;
			sourceTree = "<group>";
		};
		5BEFEE7F26EB200800076DE0 /* Model */ = {
			isa = PBXGroup;
			children = (
				5B3479312C42F42F00F59560 /* AladinData.swift */,
				5BA2EFEB2C4D176B00049D80 /* ProductData.swift */,
			);
			path = Model;
			sourceTree = "<group>";
		};
		5BEFEE8A26EB480F00076DE0 /* Cell */ = {
			isa = PBXGroup;
			children = (
				5BF21C262C3ED56F00BFA345 /* ProductViewCell.swift */,
			);
			path = Cell;
			sourceTree = "<group>";
		};
		5BEFEE8B26EB482000076DE0 /* Util */ = {
			isa = PBXGroup;
			children = (
				5BE95AA026E9DDC400AE6ACC /* ApiManager.swift */,
				5B83F82626EBA0B500AE3598 /* ImageManager.swift */,
				5BF21C2E2C3EEC6A00BFA345 /* MainCoordinator.swift */,
				5B3479332C42F52700F59560 /* XMLParserManager.swift */,
			);
			path = Util;
			sourceTree = "<group>";
		};
		F18040A7D8E3A935276BF8C4 /* Frameworks */ = {
			isa = PBXGroup;
			children = (
				9382A3CD0691B077CE6A9371 /* Pods_aladinSearchApp.framework */,
			);
			name = Frameworks;
			sourceTree = "<group>";
		};
/* End PBXGroup section */

/* Begin PBXNativeTarget section */
		5B625FCA26E3DA6200E9DB14 /* aladinSearchApp */ = {
			isa = PBXNativeTarget;
			buildConfigurationList = 5B625FDF26E3DA6300E9DB14 /* Build configuration list for PBXNativeTarget "aladinSearchApp" */;
			buildPhases = (
				33B3759A89C816CDE368E296 /* [CP] Check Pods Manifest.lock */,
				5B625FC726E3DA6200E9DB14 /* Sources */,
				5B625FC826E3DA6200E9DB14 /* Frameworks */,
				5B625FC926E3DA6200E9DB14 /* Resources */,
				04BC16A30498E5C7595CF445 /* [CP] Embed Pods Frameworks */,
			);
			buildRules = (
			);
			dependencies = (
			);
			name = aladinSearchApp;
			productName = KmoocSwift;
			productReference = 5B625FCB26E3DA6200E9DB14 /* aladinSearchApp.app */;
			productType = "com.apple.product-type.application";
		};
/* End PBXNativeTarget section */

/* Begin PBXProject section */
		5B625FC326E3DA6200E9DB14 /* Project object */ = {
			isa = PBXProject;
			attributes = {
				LastSwiftUpdateCheck = 1230;
				LastUpgradeCheck = 1230;
				TargetAttributes = {
					5B625FCA26E3DA6200E9DB14 = {
						CreatedOnToolsVersion = 12.3;
					};
				};
			};
			buildConfigurationList = 5B625FC626E3DA6200E9DB14 /* Build configuration list for PBXProject "aladinSearchApp" */;
			compatibilityVersion = "Xcode 9.3";
			developmentRegion = en;
			hasScannedForEncodings = 0;
			knownRegions = (
				en,
				Base,
			);
			mainGroup = 5B625FC226E3DA6200E9DB14;
			productRefGroup = 5B625FCC26E3DA6200E9DB14 /* Products */;
			projectDirPath = "";
			projectRoot = "";
			targets = (
				5B625FCA26E3DA6200E9DB14 /* aladinSearchApp */,
			);
		};
/* End PBXProject section */

/* Begin PBXResourcesBuildPhase section */
		5B625FC926E3DA6200E9DB14 /* Resources */ = {
			isa = PBXResourcesBuildPhase;
			buildActionMask = 2147483647;
			files = (
				5B625FDB26E3DA6300E9DB14 /* LaunchScreen.storyboard in Resources */,
				5BA2EFE72C4CFF2D00049D80 /* ApiInfo.plist in Resources */,
				5B625FD826E3DA6300E9DB14 /* Assets.xcassets in Resources */,
			);
			runOnlyForDeploymentPostprocessing = 0;
		};
/* End PBXResourcesBuildPhase section */

/* Begin PBXShellScriptBuildPhase section */
		04BC16A30498E5C7595CF445 /* [CP] Embed Pods Frameworks */ = {
			isa = PBXShellScriptBuildPhase;
			buildActionMask = 2147483647;
			files = (
			);
			inputFileListPaths = (
				"${PODS_ROOT}/Target Support Files/Pods-aladinSearchApp/Pods-aladinSearchApp-frameworks-${CONFIGURATION}-input-files.xcfilelist",
			);
			name = "[CP] Embed Pods Frameworks";
			outputFileListPaths = (
				"${PODS_ROOT}/Target Support Files/Pods-aladinSearchApp/Pods-aladinSearchApp-frameworks-${CONFIGURATION}-output-files.xcfilelist",
			);
			runOnlyForDeploymentPostprocessing = 0;
			shellPath = /bin/sh;
			shellScript = "\"${PODS_ROOT}/Target Support Files/Pods-aladinSearchApp/Pods-aladinSearchApp-frameworks.sh\"\n";
			showEnvVarsInLog = 0;
		};
		33B3759A89C816CDE368E296 /* [CP] Check Pods Manifest.lock */ = {
			isa = PBXShellScriptBuildPhase;
			buildActionMask = 2147483647;
			files = (
			);
			inputFileListPaths = (
			);
			inputPaths = (
				"${PODS_PODFILE_DIR_PATH}/Podfile.lock",
				"${PODS_ROOT}/Manifest.lock",
			);
			name = "[CP] Check Pods Manifest.lock";
			outputFileListPaths = (
			);
			outputPaths = (
				"$(DERIVED_FILE_DIR)/Pods-aladinSearchApp-checkManifestLockResult.txt",
			);
			runOnlyForDeploymentPostprocessing = 0;
			shellPath = /bin/sh;
			shellScript = "diff \"${PODS_PODFILE_DIR_PATH}/Podfile.lock\" \"${PODS_ROOT}/Manifest.lock\" > /dev/null\nif [ $? != 0 ] ; then\n    # print error to STDERR\n    echo \"error: The sandbox is not in sync with the Podfile.lock. Run 'pod install' or update your CocoaPods installation.\" >&2\n    exit 1\nfi\n# This output is used by Xcode 'outputs' to avoid re-running this script phase.\necho \"SUCCESS\" > \"${SCRIPT_OUTPUT_FILE_0}\"\n";
			showEnvVarsInLog = 0;
		};
/* End PBXShellScriptBuildPhase section */

/* Begin PBXSourcesBuildPhase section */
		5B625FC726E3DA6200E9DB14 /* Sources */ = {
			isa = PBXSourcesBuildPhase;
			buildActionMask = 2147483647;
			files = (
				5BCCDB782C5557BA00FE6BB8 /* ProductReactor.swift in Sources */,
				5B83F82726EBA0B500AE3598 /* ImageManager.swift in Sources */,
				5BA2EFEC2C4D176B00049D80 /* ProductData.swift in Sources */,
				5BA2EFEA2C4D00D400049D80 /* Extension+Bundle.swift in Sources */,
				5BDDB9D72C5EA5CC005BBF9F /* ProductView.swift in Sources */,
				5B3479302C42EE2C00F59560 /* AladinSearchReactor.swift in Sources */,
				5BE95AA126E9DDC400AE6ACC /* ApiManager.swift in Sources */,
				5B3479342C42F52700F59560 /* XMLParserManager.swift in Sources */,
				5BA2EFEE2C4D2D4500049D80 /* ProductViewController.swift in Sources */,
				5B625FCF26E3DA6200E9DB14 /* AppDelegate.swift in Sources */,
				5BF21C272C3ED56F00BFA345 /* ProductViewCell.swift in Sources */,
				5BF21C2F2C3EEC6A00BFA345 /* MainCoordinator.swift in Sources */,
				5B3479322C42F42F00F59560 /* AladinData.swift in Sources */,
				5B34792E2C42EDDA00F59560 /* AladinSearchMainViewController.swift in Sources */,
			);
			runOnlyForDeploymentPostprocessing = 0;
		};
/* End PBXSourcesBuildPhase section */

/* Begin PBXVariantGroup section */
		5B625FD926E3DA6300E9DB14 /* LaunchScreen.storyboard */ = {
			isa = PBXVariantGroup;
			children = (
				5B625FDA26E3DA6300E9DB14 /* Base */,
			);
			name = LaunchScreen.storyboard;
			sourceTree = "<group>";
		};
/* End PBXVariantGroup section */

/* Begin XCBuildConfiguration section */
		5B625FDD26E3DA6300E9DB14 /* Debug */ = {
			isa = XCBuildConfiguration;
			buildSettings = {
				ALWAYS_SEARCH_USER_PATHS = NO;
				CLANG_ANALYZER_NONNULL = YES;
				CLANG_ANALYZER_NUMBER_OBJECT_CONVERSION = YES_AGGRESSIVE;
				CLANG_CXX_LANGUAGE_STANDARD = "gnu++14";
				CLANG_CXX_LIBRARY = "libc++";
				CLANG_ENABLE_MODULES = YES;
				CLANG_ENABLE_OBJC_ARC = YES;
				CLANG_ENABLE_OBJC_WEAK = YES;
				CLANG_WARN_BLOCK_CAPTURE_AUTORELEASING = YES;
				CLANG_WARN_BOOL_CONVERSION = YES;
				CLANG_WARN_COMMA = YES;
				CLANG_WARN_CONSTANT_CONVERSION = YES;
				CLANG_WARN_DEPRECATED_OBJC_IMPLEMENTATIONS = YES;
				CLANG_WARN_DIRECT_OBJC_ISA_USAGE = YES_ERROR;
				CLANG_WARN_DOCUMENTATION_COMMENTS = YES;
				CLANG_WARN_EMPTY_BODY = YES;
				CLANG_WARN_ENUM_CONVERSION = YES;
				CLANG_WARN_INFINITE_RECURSION = YES;
				CLANG_WARN_INT_CONVERSION = YES;
				CLANG_WARN_NON_LITERAL_NULL_CONVERSION = YES;
				CLANG_WARN_OBJC_IMPLICIT_RETAIN_SELF = YES;
				CLANG_WARN_OBJC_LITERAL_CONVERSION = YES;
				CLANG_WARN_OBJC_ROOT_CLASS = YES_ERROR;
				CLANG_WARN_QUOTED_INCLUDE_IN_FRAMEWORK_HEADER = YES;
				CLANG_WARN_RANGE_LOOP_ANALYSIS = YES;
				CLANG_WARN_STRICT_PROTOTYPES = YES;
				CLANG_WARN_SUSPICIOUS_MOVE = YES;
				CLANG_WARN_UNGUARDED_AVAILABILITY = YES_AGGRESSIVE;
				CLANG_WARN_UNREACHABLE_CODE = YES;
				CLANG_WARN__DUPLICATE_METHOD_MATCH = YES;
				COPY_PHASE_STRIP = NO;
				DEBUG_INFORMATION_FORMAT = dwarf;
				ENABLE_STRICT_OBJC_MSGSEND = YES;
				ENABLE_TESTABILITY = YES;
				GCC_C_LANGUAGE_STANDARD = gnu11;
				GCC_DYNAMIC_NO_PIC = NO;
				GCC_NO_COMMON_BLOCKS = YES;
				GCC_OPTIMIZATION_LEVEL = 0;
				GCC_PREPROCESSOR_DEFINITIONS = (
					"DEBUG=1",
					"$(inherited)",
				);
				GCC_WARN_64_TO_32_BIT_CONVERSION = YES;
				GCC_WARN_ABOUT_RETURN_TYPE = YES_ERROR;
				GCC_WARN_UNDECLARED_SELECTOR = YES;
				GCC_WARN_UNINITIALIZED_AUTOS = YES_AGGRESSIVE;
				GCC_WARN_UNUSED_FUNCTION = YES;
				GCC_WARN_UNUSED_VARIABLE = YES;
				IPHONEOS_DEPLOYMENT_TARGET = 13.0;
				MTL_ENABLE_DEBUG_INFO = INCLUDE_SOURCE;
				MTL_FAST_MATH = YES;
				ONLY_ACTIVE_ARCH = YES;
				SDKROOT = iphoneos;
				SWIFT_ACTIVE_COMPILATION_CONDITIONS = DEBUG;
				SWIFT_OPTIMIZATION_LEVEL = "-Onone";
			};
			name = Debug;
		};
		5B625FDE26E3DA6300E9DB14 /* Release */ = {
			isa = XCBuildConfiguration;
			buildSettings = {
				ALWAYS_SEARCH_USER_PATHS = NO;
				CLANG_ANALYZER_NONNULL = YES;
				CLANG_ANALYZER_NUMBER_OBJECT_CONVERSION = YES_AGGRESSIVE;
				CLANG_CXX_LANGUAGE_STANDARD = "gnu++14";
				CLANG_CXX_LIBRARY = "libc++";
				CLANG_ENABLE_MODULES = YES;
				CLANG_ENABLE_OBJC_ARC = YES;
				CLANG_ENABLE_OBJC_WEAK = YES;
				CLANG_WARN_BLOCK_CAPTURE_AUTORELEASING = YES;
				CLANG_WARN_BOOL_CONVERSION = YES;
				CLANG_WARN_COMMA = YES;
				CLANG_WARN_CONSTANT_CONVERSION = YES;
				CLANG_WARN_DEPRECATED_OBJC_IMPLEMENTATIONS = YES;
				CLANG_WARN_DIRECT_OBJC_ISA_USAGE = YES_ERROR;
				CLANG_WARN_DOCUMENTATION_COMMENTS = YES;
				CLANG_WARN_EMPTY_BODY = YES;
				CLANG_WARN_ENUM_CONVERSION = YES;
				CLANG_WARN_INFINITE_RECURSION = YES;
				CLANG_WARN_INT_CONVERSION = YES;
				CLANG_WARN_NON_LITERAL_NULL_CONVERSION = YES;
				CLANG_WARN_OBJC_IMPLICIT_RETAIN_SELF = YES;
				CLANG_WARN_OBJC_LITERAL_CONVERSION = YES;
				CLANG_WARN_OBJC_ROOT_CLASS = YES_ERROR;
				CLANG_WARN_QUOTED_INCLUDE_IN_FRAMEWORK_HEADER = YES;
				CLANG_WARN_RANGE_LOOP_ANALYSIS = YES;
				CLANG_WARN_STRICT_PROTOTYPES = YES;
				CLANG_WARN_SUSPICIOUS_MOVE = YES;
				CLANG_WARN_UNGUARDED_AVAILABILITY = YES_AGGRESSIVE;
				CLANG_WARN_UNREACHABLE_CODE = YES;
				CLANG_WARN__DUPLICATE_METHOD_MATCH = YES;
				COPY_PHASE_STRIP = NO;
				DEBUG_INFORMATION_FORMAT = "dwarf-with-dsym";
				ENABLE_NS_ASSERTIONS = NO;
				ENABLE_STRICT_OBJC_MSGSEND = YES;
				GCC_C_LANGUAGE_STANDARD = gnu11;
				GCC_NO_COMMON_BLOCKS = YES;
				GCC_WARN_64_TO_32_BIT_CONVERSION = YES;
				GCC_WARN_ABOUT_RETURN_TYPE = YES_ERROR;
				GCC_WARN_UNDECLARED_SELECTOR = YES;
				GCC_WARN_UNINITIALIZED_AUTOS = YES_AGGRESSIVE;
				GCC_WARN_UNUSED_FUNCTION = YES;
				GCC_WARN_UNUSED_VARIABLE = YES;
				IPHONEOS_DEPLOYMENT_TARGET = 13.0;
				MTL_ENABLE_DEBUG_INFO = NO;
				MTL_FAST_MATH = YES;
				SDKROOT = iphoneos;
				SWIFT_COMPILATION_MODE = wholemodule;
				SWIFT_OPTIMIZATION_LEVEL = "-O";
				VALIDATE_PRODUCT = YES;
			};
			name = Release;
		};
		5B625FE026E3DA6300E9DB14 /* Debug */ = {
			isa = XCBuildConfiguration;
			baseConfigurationReference = D1EE72D00D4EA242ABB516A1 /* Pods-aladinSearchApp.debug.xcconfig */;
			buildSettings = {
				ASSETCATALOG_COMPILER_APPICON_NAME = AppIcon;
				ASSETCATALOG_COMPILER_GLOBAL_ACCENT_COLOR_NAME = AccentColor;
				CODE_SIGN_STYLE = Automatic;
				DEVELOPMENT_TEAM = VDFGK9GV66;
				INFOPLIST_FILE = aladinSearchApp/Info.plist;
				IPHONEOS_DEPLOYMENT_TARGET = 13.0;
				LD_RUNPATH_SEARCH_PATHS = (
					"$(inherited)",
					"@executable_path/Frameworks",
				);
				PRODUCT_BUNDLE_IDENTIFIER = none.aladinSearchApp;
				PRODUCT_NAME = "$(TARGET_NAME)";
				SWIFT_VERSION = 5.0;
				TARGETED_DEVICE_FAMILY = "1,2";
			};
			name = Debug;
		};
		5B625FE126E3DA6300E9DB14 /* Release */ = {
			isa = XCBuildConfiguration;
			baseConfigurationReference = 858F4DABAD65DBFEDD68E4D4 /* Pods-aladinSearchApp.release.xcconfig */;
			buildSettings = {
				ASSETCATALOG_COMPILER_APPICON_NAME = AppIcon;
				ASSETCATALOG_COMPILER_GLOBAL_ACCENT_COLOR_NAME = AccentColor;
				CODE_SIGN_STYLE = Automatic;
				DEVELOPMENT_TEAM = VDFGK9GV66;
				INFOPLIST_FILE = aladinSearchApp/Info.plist;
				IPHONEOS_DEPLOYMENT_TARGET = 13.0;
				LD_RUNPATH_SEARCH_PATHS = (
					"$(inherited)",
					"@executable_path/Frameworks",
				);
				PRODUCT_BUNDLE_IDENTIFIER = none.aladinSearchApp;
				PRODUCT_NAME = "$(TARGET_NAME)";
				SWIFT_VERSION = 5.0;
				TARGETED_DEVICE_FAMILY = "1,2";
			};
			name = Release;
		};
/* End XCBuildConfiguration section */

/* Begin XCConfigurationList section */
		5B625FC626E3DA6200E9DB14 /* Build configuration list for PBXProject "aladinSearchApp" */ = {
			isa = XCConfigurationList;
			buildConfigurations = (
				5B625FDD26E3DA6300E9DB14 /* Debug */,
				5B625FDE26E3DA6300E9DB14 /* Release */,
			);
			defaultConfigurationIsVisible = 0;
			defaultConfigurationName = Release;
		};
		5B625FDF26E3DA6300E9DB14 /* Build configuration list for PBXNativeTarget "aladinSearchApp" */ = {
			isa = XCConfigurationList;
			buildConfigurations = (
				5B625FE026E3DA6300E9DB14 /* Debug */,
				5B625FE126E3DA6300E9DB14 /* Release */,
			);
			defaultConfigurationIsVisible = 0;
			defaultConfigurationName = Release;
		};
/* End XCConfigurationList section */
	};
	rootObject = 5B625FC326E3DA6200E9DB14 /* Project object */;
}
