PODS:
  - Action (5.0.0):
    - RxCocoa (~> 6.0)
    - RxSwift (~> 6.0)
  - Alamofire (5.9.1)
  - Differentiator (5.0.0)
  - "NSObject+Rx (5.2.2)":
    - RxSwift (~> 6.2)
  - ReactorKit (3.2.0):
    - RxSwift (~> 6.0)
    - WeakMapTable (~> 1.1)
  - RxCocoa (6.7.1):
    - RxRelay (= 6.7.1)
    - RxSwift (= 6.7.1)
  - RxCoreData (1.0.1):
    - RxCocoa (~> 6.0)
    - RxSwift (~> 6.0)
  - RxDataSources (5.0.0):
    - Differentiator (~> 5.0)
    - RxCocoa (~> 6.0)
    - RxSwift (~> 6.0)
  - RxRelay (6.7.1):
    - RxSwift (= 6.7.1)
  - RxSwift (6.7.1)
  - SnapKit (5.0.1)
  - WeakMapTable (1.2.0)

DEPENDENCIES:
  - Action
  - Alamofire
  - "NSObject+Rx"
  - ReactorKit
  - RxCocoa
  - RxCoreData
  - RxDataSources
  - RxSwift
  - SnapKit (~> 5.0.0)

SPEC REPOS:
  trunk:
    - Action
    - Alamofire
    - Differentiator
    - "NSObject+Rx"
    - ReactorKit
    - RxCocoa
    - RxCoreData
    - RxDataSources
    - RxRelay
    - RxSwift
    - SnapKit
    - WeakMapTable

SPEC CHECKSUMS:
  Action: 47f1825511907b4fcd79dd7a7db9526c20f78018
  Alamofire: f36a35757af4587d8e4f4bfa223ad10be2422b8c
  Differentiator: e8497ceab83c1b10ca233716d547b9af21b9344d
  "NSObject+Rx": 61cf1f7306a73dcef8b36649198af0813ec18dfd
  ReactorKit: e8b11d6b9c415405f381669b095c154a05b59eca
  RxCocoa: f5609cb4637587a7faa99c5d5787e3ad582b75a4
  RxCoreData: 4c1686b30499c05b90104eec1a879f41aa1a0a65
  RxDataSources: aa47cc1ed6c500fa0dfecac5c979b723542d79cf
  RxRelay: 4151ba01152436b08271e08410135e099880eae5
  RxSwift: b9a93a26031785159e11abd40d1a55bcb8057e52
  SnapKit: 97b92857e3df3a0c71833cce143274bf6ef8e5eb
  WeakMapTable: 05c694ce8439a7a9ebabb56187287a63c57673d6

PODFILE CHECKSUM: a6011902f4f198c2b21c0d133e52ea3a3cca5729

COCOAPODS: 1.15.2
